Microsoft Visual Studio Solution File, Format Version 12.00
# Visual Studio 2012
Project("{FAE04EC0-301F-11D3-BF4B-00C04F79EFBC}") = "chess", "chess.csproj", "{6E19A2A6-27B9-4B56-90D5-822E038C066A}"
EndProject
Global
	GlobalSection(SolutionConfigurationPlatforms) = preSolution
	Debug|Any CPU = Debug|Any CPU
	ExportDebug|Any CPU = ExportDebug|Any CPU
	ExportRelease|Any CPU = ExportRelease|Any CPU
	EndGlobalSection
	GlobalSection(ProjectConfigurationPlatforms) = postSolution
		{6E19A2A6-27B9-4B56-90D5-822E038C066A}.Debug|Any CPU.ActiveCfg = Debug|Any CPU
		{6E19A2A6-27B9-4B56-90D5-822E038C066A}.Debug|Any CPU.Build.0 = Debug|Any CPU
		{6E19A2A6-27B9-4B56-90D5-822E038C066A}.ExportDebug|Any CPU.ActiveCfg = ExportDebug|Any CPU
		{6E19A2A6-27B9-4B56-90D5-822E038C066A}.ExportDebug|Any CPU.Build.0 = ExportDebug|Any CPU
		{6E19A2A6-27B9-4B56-90D5-822E038C066A}.ExportRelease|Any CPU.ActiveCfg = ExportRelease|Any CPU
		{6E19A2A6-27B9-4B56-90D5-822E038C066A}.ExportRelease|Any CPU.Build.0 = ExportRelease|Any CPU
	EndGlobalSection
EndGlobal
